
Microsoft Visual Studio Solution File, Format Version 12.00
# Visual Studio 15
Project("{FAE04EC0-301F-11D3-BF4B-00C04F79EFBC}") = "Boxophobic.Utils.Editor", "Boxophobic.Utils.Editor.csproj", "{0EBF1ECC-C8F1-5645-3B6A-4C7474C1AD54}"
EndProject
Project("{FAE04EC0-301F-11D3-BF4B-00C04F79EFBC}") = "Assembly-CSharp-Editor", "Assembly-CSharp-Editor.csproj", "{81FACF9E-FFB3-BA9D-AA5B-CB2B9BA3BE69}"
EndProject
Project("{FAE04EC0-301F-11D3-BF4B-00C04F79EFBC}") = "Assembly-CSharp", "Assembly-CSharp.csproj", "{B737C10A-99CE-8F42-1CA2-B3F5629C9B6F}"
EndProject
Project("{FAE04EC0-301F-11D3-BF4B-00C04F79EFBC}") = "GoogleMobileAds.Editor", "GoogleMobileAds.Editor.csproj", "{4212D20C-2BF8-0255-8397-56AD214B3292}"
EndProject
Project("{FAE04EC0-301F-11D3-BF4B-00C04F79EFBC}") = "Boxophobic.Utils.Scripts", "Boxophobic.Utils.Scripts.csproj", "{CE201F30-5CA2-E967-CA00-223761E6B79C}"
EndProject
Project("{FAE04EC0-301F-11D3-BF4B-00C04F79EFBC}") = "Boxophobic.SkyboxCubemapExtended.Editor", "Boxophobic.SkyboxCubemapExtended.Editor.csproj", "{AB4B9684-9531-3804-0231-2B5CA9AFD2E3}"
EndProject
Global
	GlobalSection(SolutionConfigurationPlatforms) = preSolution
		Debug|Any CPU = Debug|Any CPU
		Release|Any CPU = Release|Any CPU
	EndGlobalSection
	GlobalSection(ProjectConfigurationPlatforms) = postSolution
		{0EBF1ECC-C8F1-5645-3B6A-4C7474C1AD54}.Debug|Any CPU.ActiveCfg = Debug|Any CPU
		{0EBF1ECC-C8F1-5645-3B6A-4C7474C1AD54}.Debug|Any CPU.Build.0 = Debug|Any CPU
		{0EBF1ECC-C8F1-5645-3B6A-4C7474C1AD54}.Release|Any CPU.ActiveCfg = Release|Any CPU
		{0EBF1ECC-C8F1-5645-3B6A-4C7474C1AD54}.Release|Any CPU.Build.0 = Release|Any CPU
		{81FACF9E-FFB3-BA9D-AA5B-CB2B9BA3BE69}.Debug|Any CPU.ActiveCfg = Debug|Any CPU
		{81FACF9E-FFB3-BA9D-AA5B-CB2B9BA3BE69}.Debug|Any CPU.Build.0 = Debug|Any CPU
		{81FACF9E-FFB3-BA9D-AA5B-CB2B9BA3BE69}.Release|Any CPU.ActiveCfg = Release|Any CPU
		{81FACF9E-FFB3-BA9D-AA5B-CB2B9BA3BE69}.Release|Any CPU.Build.0 = Release|Any CPU
		{B737C10A-99CE-8F42-1CA2-B3F5629C9B6F}.Debug|Any CPU.ActiveCfg = Debug|Any CPU
		{B737C10A-99CE-8F42-1CA2-B3F5629C9B6F}.Debug|Any CPU.Build.0 = Debug|Any CPU
		{B737C10A-99CE-8F42-1CA2-B3F5629C9B6F}.Release|Any CPU.ActiveCfg = Release|Any CPU
		{B737C10A-99CE-8F42-1CA2-B3F5629C9B6F}.Release|Any CPU.Build.0 = Release|Any CPU
		{4212D20C-2BF8-0255-8397-56AD214B3292}.Debug|Any CPU.ActiveCfg = Debug|Any CPU
		{4212D20C-2BF8-0255-8397-56AD214B3292}.Debug|Any CPU.Build.0 = Debug|Any CPU
		{4212D20C-2BF8-0255-8397-56AD214B3292}.Release|Any CPU.ActiveCfg = Release|Any CPU
		{4212D20C-2BF8-0255-8397-56AD214B3292}.Release|Any CPU.Build.0 = Release|Any CPU
		{CE201F30-5CA2-E967-CA00-223761E6B79C}.Debug|Any CPU.ActiveCfg = Debug|Any CPU
		{CE201F30-5CA2-E967-CA00-223761E6B79C}.Debug|Any CPU.Build.0 = Debug|Any CPU
		{CE201F30-5CA2-E967-CA00-223761E6B79C}.Release|Any CPU.ActiveCfg = Release|Any CPU
		{CE201F30-5CA2-E967-CA00-223761E6B79C}.Release|Any CPU.Build.0 = Release|Any CPU
		{AB4B9684-9531-3804-0231-2B5CA9AFD2E3}.Debug|Any CPU.ActiveCfg = Debug|Any CPU
		{AB4B9684-9531-3804-0231-2B5CA9AFD2E3}.Debug|Any CPU.Build.0 = Debug|Any CPU
		{AB4B9684-9531-3804-0231-2B5CA9AFD2E3}.Release|Any CPU.ActiveCfg = Release|Any CPU
		{AB4B9684-9531-3804-0231-2B5CA9AFD2E3}.Release|Any CPU.Build.0 = Release|Any CPU
	EndGlobalSection
	GlobalSection(SolutionProperties) = preSolution
		HideSolutionNode = FALSE
	EndGlobalSection
EndGlobal
