
Microsoft Visual Studio Solution File, Format Version 12.00
# Visual Studio 15
Project("{FAE04EC0-301F-11D3-BF4B-00C04F79EFBC}") = "Boxophobic.Utils.Editor", "Boxophobic.Utils.Editor.csproj", "{96D79F4F-559F-4A57-3DC7-973CD450C566}"
EndProject
Project("{FAE04EC0-301F-11D3-BF4B-00C04F79EFBC}") = "Assembly-CSharp", "Assembly-CSharp.csproj", "{EFF3E42B-B59E-BB54-E708-867AA2E97DD3}"
EndProject
Project("{FAE04EC0-301F-11D3-BF4B-00C04F79EFBC}") = "Assembly-CSharp-Editor", "Assembly-CSharp-Editor.csproj", "{97348B16-768A-7D01-BE4B-3CB250ECB3DD}"
EndProject
Project("{FAE04EC0-301F-11D3-BF4B-00C04F79EFBC}") = "Boxophobic.Utils.Scripts", "Boxophobic.Utils.Scripts.csproj", "{8C54D949-DE49-0556-54D4-547897A824A5}"
EndProject
Project("{FAE04EC0-301F-11D3-BF4B-00C04F79EFBC}") = "GoogleMobileAds.Editor", "GoogleMobileAds.Editor.csproj", "{66112E1D-3E6C-842C-BA8C-20A615CB4003}"
EndProject
Project("{FAE04EC0-301F-11D3-BF4B-00C04F79EFBC}") = "Boxophobic.SkyboxCubemapExtended.Editor", "Boxophobic.SkyboxCubemapExtended.Editor.csproj", "{7141756C-5218-FB81-B7C0-316835194522}"
EndProject
Global
	GlobalSection(SolutionConfigurationPlatforms) = preSolution
		Debug|Any CPU = Debug|Any CPU
		Release|Any CPU = Release|Any CPU
	EndGlobalSection
	GlobalSection(ProjectConfigurationPlatforms) = postSolution
		{96D79F4F-559F-4A57-3DC7-973CD450C566}.Debug|Any CPU.ActiveCfg = Debug|Any CPU
		{96D79F4F-559F-4A57-3DC7-973CD450C566}.Debug|Any CPU.Build.0 = Debug|Any CPU
		{96D79F4F-559F-4A57-3DC7-973CD450C566}.Release|Any CPU.ActiveCfg = Release|Any CPU
		{96D79F4F-559F-4A57-3DC7-973CD450C566}.Release|Any CPU.Build.0 = Release|Any CPU
		{EFF3E42B-B59E-BB54-E708-867AA2E97DD3}.Debug|Any CPU.ActiveCfg = Debug|Any CPU
		{EFF3E42B-B59E-BB54-E708-867AA2E97DD3}.Debug|Any CPU.Build.0 = Debug|Any CPU
		{EFF3E42B-B59E-BB54-E708-867AA2E97DD3}.Release|Any CPU.ActiveCfg = Release|Any CPU
		{EFF3E42B-B59E-BB54-E708-867AA2E97DD3}.Release|Any CPU.Build.0 = Release|Any CPU
		{97348B16-768A-7D01-BE4B-3CB250ECB3DD}.Debug|Any CPU.ActiveCfg = Debug|Any CPU
		{97348B16-768A-7D01-BE4B-3CB250ECB3DD}.Debug|Any CPU.Build.0 = Debug|Any CPU
		{97348B16-768A-7D01-BE4B-3CB250ECB3DD}.Release|Any CPU.ActiveCfg = Release|Any CPU
		{97348B16-768A-7D01-BE4B-3CB250ECB3DD}.Release|Any CPU.Build.0 = Release|Any CPU
		{8C54D949-DE49-0556-54D4-547897A824A5}.Debug|Any CPU.ActiveCfg = Debug|Any CPU
		{8C54D949-DE49-0556-54D4-547897A824A5}.Debug|Any CPU.Build.0 = Debug|Any CPU
		{8C54D949-DE49-0556-54D4-547897A824A5}.Release|Any CPU.ActiveCfg = Release|Any CPU
		{8C54D949-DE49-0556-54D4-547897A824A5}.Release|Any CPU.Build.0 = Release|Any CPU
		{66112E1D-3E6C-842C-BA8C-20A615CB4003}.Debug|Any CPU.ActiveCfg = Debug|Any CPU
		{66112E1D-3E6C-842C-BA8C-20A615CB4003}.Debug|Any CPU.Build.0 = Debug|Any CPU
		{66112E1D-3E6C-842C-BA8C-20A615CB4003}.Release|Any CPU.ActiveCfg = Release|Any CPU
		{66112E1D-3E6C-842C-BA8C-20A615CB4003}.Release|Any CPU.Build.0 = Release|Any CPU
		{7141756C-5218-FB81-B7C0-316835194522}.Debug|Any CPU.ActiveCfg = Debug|Any CPU
		{7141756C-5218-FB81-B7C0-316835194522}.Debug|Any CPU.Build.0 = Debug|Any CPU
		{7141756C-5218-FB81-B7C0-316835194522}.Release|Any CPU.ActiveCfg = Release|Any CPU
		{7141756C-5218-FB81-B7C0-316835194522}.Release|Any CPU.Build.0 = Release|Any CPU
	EndGlobalSection
	GlobalSection(SolutionProperties) = preSolution
		HideSolutionNode = FALSE
	EndGlobalSection
EndGlobal
